lockfileVersion: 5.3

importers:

  .:
    specifiers: {}

  examples/app:
    specifiers:
      malita: workspace:*
    dependencies:
      malita: link:../../packages/malita

  packages/malita:
    specifiers:
      commander: ^9.1.0
    dependencies:
      commander: 9.1.0

packages:

  /commander/9.1.0:
    resolution: {integrity: sha512-i0/MaqBtdbnJ4XQs4Pmyb+oFQl+q0lsAmokVUH92SlSw4fkeAcG3bVon+Qt7hmtF+u3Het6o4VgrcY3qAoEB6w==}
    engines: {node: ^12.20.0 || >=14}
    dev: false
